{
    "_readme": [
        "This file locks the dependencies of your project to a known state",
        "Read more about it at https://getcomposer.org/doc/01-basic-usage.md#composer-lock-the-lock-file",
        "This file is @generated automatically"
    ],
    "content-hash": "966f68553005362a64c439e799948411",
    "packages": [
        {
            "name": "erusev/parsedown",
            "version": "1.5.4",
            "source": {
                "type": "git",
                "url": "https://github.com/erusev/parsedown.git",
                "reference": "0e89e3714bda18973184d30646306bb0a482bd96"
            },
            "dist": {
                "type": "zip",
                "url": "https://api.github.com/repos/erusev/parsedown/zipball/0e89e3714bda18973184d30646306bb0a482bd96",
                "reference": "0e89e3714bda18973184d30646306bb0a482bd96",
                "shasum": ""
            },
            "type": "library",
            "autoload": {
                "psr-0": {
                    "Parsedown": ""
                }
            },
            "notification-url": "https://packagist.org/downloads/",
            "license": [
                "MIT"
            ],
            "authors": [
                {
                    "name": "Emanuil Rusev",
                    "email": "hello@erusev.com",
                    "homepage": "http://erusev.com"
                }
            ],
            "description": "Parser for Markdown.",
            "homepage": "http://parsedown.org",
            "keywords": [
                "markdown",
                "parser"
            ],
            "time": "2015-08-03T09:24:05+00:00"
        },
        {
            "name": "wpupdatephp/wp-update-php",
            "version": "1.1.1",
            "source": {
                "type": "git",
                "url": "https://github.com/WPupdatePHP/wp-update-php.git",
                "reference": "6c80444de04d8c688e3b42e164e40527b487a357"
            },
            "dist": {
                "type": "zip",
                "url": "https://api.github.com/repos/WPupdatePHP/wp-update-php/zipball/6c80444de04d8c688e3b42e164e40527b487a357",
                "reference": "6c80444de04d8c688e3b42e164e40527b487a357",
                "shasum": ""
            },
            "require-dev": {
                "phpspec/phpspec": "~2.0"
            },
            "type": "library",
            "autoload": {
                "classmap": [
                    "src"
                ]
            },
            "notification-url": "https://packagist.org/downloads/",
            "license": [
                "GPL-2.0+"
            ],
            "description": "Library to be bundled with WordPress plugins to enforce users to upgrade to PHP 5.4 hosting",
            "time": "2017-03-08T09:50:34+00:00"
        }
    ],
    "packages-dev": [],
    "aliases": [],
    "minimum-stability": "stable",
    "stability-flags": [],
    "prefer-stable": false,
    "prefer-lowest": false,
    "platform": [],
    "platform-dev": []
}
